
Microsoft Visual Studio Solution File, Format Version 12.00
# Visual Studio Version 17
VisualStudioVersion = 17.5.002.0
MinimumVisualStudioVersion = 10.0.40219.1
Project("{9A19103F-16F7-4668-BE54-9A1E7A4F7556}") = "FinaFlow.API", "FinaFlow.API\FinaFlow.API.csproj", "{0FC1EB3E-4B58-4914-A394-78F85357F7C4}"
EndProject
Project("{9A19103F-16F7-4668-BE54-9A1E7A4F7556}") = "FinaFlow.Core", "FinaFlow.Core\FinaFlow.Core.csproj", "{179C0D3F-015B-4A47-B8B1-97C694622739}"
EndProject
Project("{9A19103F-16F7-4668-BE54-9A1E7A4F7556}") = "FinaFlow.Web", "FinaFlow.Web\FinaFlow.Web.csproj", "{BC47969D-9909-428B-AED0-18953D1258E1}"
EndProject
Global
	GlobalSection(SolutionConfigurationPlatforms) = preSolution
		Debug|Any CPU = Debug|Any CPU
		Release|Any CPU = Release|Any CPU
	EndGlobalSection
	GlobalSection(ProjectConfigurationPlatforms) = postSolution
		{0FC1EB3E-4B58-4914-A394-78F85357F7C4}.Debug|Any CPU.ActiveCfg = Debug|Any CPU
		{0FC1EB3E-4B58-4914-A394-78F85357F7C4}.Debug|Any CPU.Build.0 = Debug|Any CPU
		{0FC1EB3E-4B58-4914-A394-78F85357F7C4}.Release|Any CPU.ActiveCfg = Release|Any CPU
		{0FC1EB3E-4B58-4914-A394-78F85357F7C4}.Release|Any CPU.Build.0 = Release|Any CPU
		{179C0D3F-015B-4A47-B8B1-97C694622739}.Debug|Any CPU.ActiveCfg = Debug|Any CPU
		{179C0D3F-015B-4A47-B8B1-97C694622739}.Debug|Any CPU.Build.0 = Debug|Any CPU
		{179C0D3F-015B-4A47-B8B1-97C694622739}.Release|Any CPU.ActiveCfg = Release|Any CPU
		{179C0D3F-015B-4A47-B8B1-97C694622739}.Release|Any CPU.Build.0 = Release|Any CPU
		{BC47969D-9909-428B-AED0-18953D1258E1}.Debug|Any CPU.ActiveCfg = Debug|Any CPU
		{BC47969D-9909-428B-AED0-18953D1258E1}.Debug|Any CPU.Build.0 = Debug|Any CPU
		{BC47969D-9909-428B-AED0-18953D1258E1}.Release|Any CPU.ActiveCfg = Release|Any CPU
		{BC47969D-9909-428B-AED0-18953D1258E1}.Release|Any CPU.Build.0 = Release|Any CPU
	EndGlobalSection
	GlobalSection(SolutionProperties) = preSolution
		HideSolutionNode = FALSE
	EndGlobalSection
	GlobalSection(ExtensibilityGlobals) = postSolution
		SolutionGuid = {68400095-307B-4BB4-9578-8DEF716AF0BB}
	EndGlobalSection
EndGlobal
